
Microsoft Visual Studio Solution File, Format Version 12.00
# Visual Studio Version 17
VisualStudioVersion = 17.7.34221.43
MinimumVisualStudioVersion = 10.0.40219.1
Project("{FAE04EC0-301F-11D3-BF4B-00C04F79EFBC}") = "R19A1_FranGV_V1", "R19A1_FranGV_V1\R19A1_FranGV_V1.csproj", "{A5F2ADB6-B8A9-4A73-9D72-C559608B1B43}"
EndProject
Global
	GlobalSection(SolutionConfigurationPlatforms) = preSolution
		Debug|Any CPU = Debug|Any CPU
		Release|Any CPU = Release|Any CPU
	EndGlobalSection
	GlobalSection(ProjectConfigurationPlatforms) = postSolution
		{A5F2ADB6-B8A9-4A73-9D72-C559608B1B43}.Debug|Any CPU.ActiveCfg = Debug|Any CPU
		{A5F2ADB6-B8A9-4A73-9D72-C559608B1B43}.Debug|Any CPU.Build.0 = Debug|Any CPU
		{A5F2ADB6-B8A9-4A73-9D72-C559608B1B43}.Release|Any CPU.ActiveCfg = Release|Any CPU
		{A5F2ADB6-B8A9-4A73-9D72-C559608B1B43}.Release|Any CPU.Build.0 = Release|Any CPU
	EndGlobalSection
	GlobalSection(SolutionProperties) = preSolution
		HideSolutionNode = FALSE
	EndGlobalSection
	GlobalSection(ExtensibilityGlobals) = postSolution
		SolutionGuid = {3B77CC58-9F52-4C47-9876-CCC43934672C}
	EndGlobalSection
EndGlobal
